
Microsoft Visual Studio Solution File, Format Version 12.00
# Visual Studio Version 17
VisualStudioVersion = 17.9.34723.18
MinimumVisualStudioVersion = 10.0.40219.1
Project("{2150E333-8FDC-42A3-9474-1A3956D46DE8}") = "Services", "Services", "{9A570E15-B0F5-42C3-A213-90FE77200B0E}"
EndProject
Project("{2150E333-8FDC-42A3-9474-1A3956D46DE8}") = "Catalog", "Catalog", "{D8C3D524-E2AF-4D32-A20F-CB56A08A6CBC}"
EndProject
Project("{9A19103F-16F7-4668-BE54-9A1E7A4F7556}") = "Catalog.API", "Services\Catalog\Catalog.API\Catalog.API.csproj", "{C0C1BCBA-A58B-4E16-81FA-C7EC82ECD036}"
EndProject
Project("{9A19103F-16F7-4668-BE54-9A1E7A4F7556}") = "Catalog.Core", "Services\Catalog\Catalog.Core\Catalog.Core.csproj", "{E6424721-F231-4767-AA7B-54152D700FAF}"
EndProject
Project("{9A19103F-16F7-4668-BE54-9A1E7A4F7556}") = "Catalog.Application", "Services\Catalog\Catalog.Application\Catalog.Application.csproj", "{75CAD64B-E1EF-4EA4-9781-3949BACA3D46}"
EndProject
Project("{9A19103F-16F7-4668-BE54-9A1E7A4F7556}") = "Catalog.Infrastructure", "Services\Catalog\Catalog.Infrastructure\Catalog.Infrastructure.csproj", "{3C77B103-BC03-4B8E-989F-3C9ECDAA0E47}"
EndProject
Project("{E53339B2-1760-4266-BCC7-CA923CBCF16C}") = "docker-compose", "docker-compose.dcproj", "{75F90951-DC45-40E6-AD32-9FD93C7E2BEE}"
EndProject
Project("{2150E333-8FDC-42A3-9474-1A3956D46DE8}") = "Basket", "Basket", "{4383C583-612E-436F-B93D-F4F824AC2B92}"
EndProject
Project("{9A19103F-16F7-4668-BE54-9A1E7A4F7556}") = "Basket.Application", "Services\Basket\Basket.Application\Basket.Application.csproj", "{89F5B5C8-14B2-4607-A029-6E903AEADDE8}"
EndProject
Project("{9A19103F-16F7-4668-BE54-9A1E7A4F7556}") = "Basket.Core", "Services\Basket\Basket.Core\Basket.Core.csproj", "{C95B1019-04D1-4526-BDBA-25B289BC714B}"
EndProject
Project("{9A19103F-16F7-4668-BE54-9A1E7A4F7556}") = "Basket.Infrastructure", "Services\Basket\Basket.Infrastructure\Basket.Infrastructure.csproj", "{C24E3103-4C45-4432-A12D-C844B4FF464F}"
EndProject
Project("{9A19103F-16F7-4668-BE54-9A1E7A4F7556}") = "Basket.API", "Services\Basket\Basket.API\Basket.API.csproj", "{C8F9CEC3-18D8-42C0-9AFB-9A1FD8E153F0}"
EndProject
Project("{2150E333-8FDC-42A3-9474-1A3956D46DE8}") = "Discount", "Discount", "{63EDFED3-E511-404A-92DD-A781153EF804}"
EndProject
Project("{9A19103F-16F7-4668-BE54-9A1E7A4F7556}") = "Discount.Application", "Services\Discount\Discount.Application\Discount.Application.csproj", "{E5A5B570-E5D3-4D3B-BAFD-83BE41C03C37}"
EndProject
Project("{9A19103F-16F7-4668-BE54-9A1E7A4F7556}") = "Discount.Core", "Services\Discount\Discount.Core\Discount.Core.csproj", "{59EE2D3A-BF48-45B2-834F-24A407D55257}"
EndProject
Project("{9A19103F-16F7-4668-BE54-9A1E7A4F7556}") = "Discount.Infrastructure", "Services\Discount\Discount.Infrastructure\Discount.Infrastructure.csproj", "{80F8DF8E-8B15-4BD3-9455-7D3BD98637DA}"
EndProject
Project("{9A19103F-16F7-4668-BE54-9A1E7A4F7556}") = "Discount.API", "Services\Discount\Discount.API\Discount.API.csproj", "{D94330D1-CC9D-41DB-8B7B-D1967A94B247}"
EndProject
Project("{2150E333-8FDC-42A3-9474-1A3956D46DE8}") = "Ordering", "Ordering", "{8CC807CA-C196-4AFA-AF1F-F963E72C27EF}"
EndProject
Project("{FAE04EC0-301F-11D3-BF4B-00C04F79EFBC}") = "Ordering.API", "Services\Ordering\Ordering.API\Ordering.API.csproj", "{0F87E93E-56DD-4C49-992C-77C7EFA88930}"
EndProject
Project("{FAE04EC0-301F-11D3-BF4B-00C04F79EFBC}") = "Ordering.Application", "Services\Ordering\Ordering.Application\Ordering.Application.csproj", "{2A8C66B0-F507-47E7-B409-EA8121C0E973}"
EndProject
Project("{FAE04EC0-301F-11D3-BF4B-00C04F79EFBC}") = "Ordering.Core", "Services\Ordering\Ordering.Core\Ordering.Core.csproj", "{CAE20E2E-D20E-4671-95F6-F72952EF72CE}"
EndProject
Project("{FAE04EC0-301F-11D3-BF4B-00C04F79EFBC}") = "Ordering.Infrastructure", "Services\Ordering\Ordering.Infrastructure\Ordering.Infrastructure.csproj", "{FE3E3B9C-835B-4800-8612-72C48DA4C031}"
EndProject
Global
	GlobalSection(SolutionConfigurationPlatforms) = preSolution
		Debug|Any CPU = Debug|Any CPU
		Release|Any CPU = Release|Any CPU
	EndGlobalSection
	GlobalSection(ProjectConfigurationPlatforms) = postSolution
		{C0C1BCBA-A58B-4E16-81FA-C7EC82ECD036}.Debug|Any CPU.ActiveCfg = Debug|Any CPU
		{C0C1BCBA-A58B-4E16-81FA-C7EC82ECD036}.Debug|Any CPU.Build.0 = Debug|Any CPU
		{C0C1BCBA-A58B-4E16-81FA-C7EC82ECD036}.Release|Any CPU.ActiveCfg = Release|Any CPU
		{C0C1BCBA-A58B-4E16-81FA-C7EC82ECD036}.Release|Any CPU.Build.0 = Release|Any CPU
		{E6424721-F231-4767-AA7B-54152D700FAF}.Debug|Any CPU.ActiveCfg = Debug|Any CPU
		{E6424721-F231-4767-AA7B-54152D700FAF}.Debug|Any CPU.Build.0 = Debug|Any CPU
		{E6424721-F231-4767-AA7B-54152D700FAF}.Release|Any CPU.ActiveCfg = Release|Any CPU
		{E6424721-F231-4767-AA7B-54152D700FAF}.Release|Any CPU.Build.0 = Release|Any CPU
		{75CAD64B-E1EF-4EA4-9781-3949BACA3D46}.Debug|Any CPU.ActiveCfg = Debug|Any CPU
		{75CAD64B-E1EF-4EA4-9781-3949BACA3D46}.Debug|Any CPU.Build.0 = Debug|Any CPU
		{75CAD64B-E1EF-4EA4-9781-3949BACA3D46}.Release|Any CPU.ActiveCfg = Release|Any CPU
		{75CAD64B-E1EF-4EA4-9781-3949BACA3D46}.Release|Any CPU.Build.0 = Release|Any CPU
		{3C77B103-BC03-4B8E-989F-3C9ECDAA0E47}.Debug|Any CPU.ActiveCfg = Debug|Any CPU
		{3C77B103-BC03-4B8E-989F-3C9ECDAA0E47}.Debug|Any CPU.Build.0 = Debug|Any CPU
		{3C77B103-BC03-4B8E-989F-3C9ECDAA0E47}.Release|Any CPU.ActiveCfg = Release|Any CPU
		{3C77B103-BC03-4B8E-989F-3C9ECDAA0E47}.Release|Any CPU.Build.0 = Release|Any CPU
		{75F90951-DC45-40E6-AD32-9FD93C7E2BEE}.Debug|Any CPU.ActiveCfg = Debug|Any CPU
		{75F90951-DC45-40E6-AD32-9FD93C7E2BEE}.Debug|Any CPU.Build.0 = Debug|Any CPU
		{75F90951-DC45-40E6-AD32-9FD93C7E2BEE}.Release|Any CPU.ActiveCfg = Release|Any CPU
		{75F90951-DC45-40E6-AD32-9FD93C7E2BEE}.Release|Any CPU.Build.0 = Release|Any CPU
		{89F5B5C8-14B2-4607-A029-6E903AEADDE8}.Debug|Any CPU.ActiveCfg = Debug|Any CPU
		{89F5B5C8-14B2-4607-A029-6E903AEADDE8}.Debug|Any CPU.Build.0 = Debug|Any CPU
		{89F5B5C8-14B2-4607-A029-6E903AEADDE8}.Release|Any CPU.ActiveCfg = Release|Any CPU
		{89F5B5C8-14B2-4607-A029-6E903AEADDE8}.Release|Any CPU.Build.0 = Release|Any CPU
		{C95B1019-04D1-4526-BDBA-25B289BC714B}.Debug|Any CPU.ActiveCfg = Debug|Any CPU
		{C95B1019-04D1-4526-BDBA-25B289BC714B}.Debug|Any CPU.Build.0 = Debug|Any CPU
		{C95B1019-04D1-4526-BDBA-25B289BC714B}.Release|Any CPU.ActiveCfg = Release|Any CPU
		{C95B1019-04D1-4526-BDBA-25B289BC714B}.Release|Any CPU.Build.0 = Release|Any CPU
		{C24E3103-4C45-4432-A12D-C844B4FF464F}.Debug|Any CPU.ActiveCfg = Debug|Any CPU
		{C24E3103-4C45-4432-A12D-C844B4FF464F}.Debug|Any CPU.Build.0 = Debug|Any CPU
		{C24E3103-4C45-4432-A12D-C844B4FF464F}.Release|Any CPU.ActiveCfg = Release|Any CPU
		{C24E3103-4C45-4432-A12D-C844B4FF464F}.Release|Any CPU.Build.0 = Release|Any CPU
		{C8F9CEC3-18D8-42C0-9AFB-9A1FD8E153F0}.Debug|Any CPU.ActiveCfg = Debug|Any CPU
		{C8F9CEC3-18D8-42C0-9AFB-9A1FD8E153F0}.Debug|Any CPU.Build.0 = Debug|Any CPU
		{C8F9CEC3-18D8-42C0-9AFB-9A1FD8E153F0}.Release|Any CPU.ActiveCfg = Release|Any CPU
		{C8F9CEC3-18D8-42C0-9AFB-9A1FD8E153F0}.Release|Any CPU.Build.0 = Release|Any CPU
		{E5A5B570-E5D3-4D3B-BAFD-83BE41C03C37}.Debug|Any CPU.ActiveCfg = Debug|Any CPU
		{E5A5B570-E5D3-4D3B-BAFD-83BE41C03C37}.Debug|Any CPU.Build.0 = Debug|Any CPU
		{E5A5B570-E5D3-4D3B-BAFD-83BE41C03C37}.Release|Any CPU.ActiveCfg = Release|Any CPU
		{E5A5B570-E5D3-4D3B-BAFD-83BE41C03C37}.Release|Any CPU.Build.0 = Release|Any CPU
		{59EE2D3A-BF48-45B2-834F-24A407D55257}.Debug|Any CPU.ActiveCfg = Debug|Any CPU
		{59EE2D3A-BF48-45B2-834F-24A407D55257}.Debug|Any CPU.Build.0 = Debug|Any CPU
		{59EE2D3A-BF48-45B2-834F-24A407D55257}.Release|Any CPU.ActiveCfg = Release|Any CPU
		{59EE2D3A-BF48-45B2-834F-24A407D55257}.Release|Any CPU.Build.0 = Release|Any CPU
		{80F8DF8E-8B15-4BD3-9455-7D3BD98637DA}.Debug|Any CPU.ActiveCfg = Debug|Any CPU
		{80F8DF8E-8B15-4BD3-9455-7D3BD98637DA}.Debug|Any CPU.Build.0 = Debug|Any CPU
		{80F8DF8E-8B15-4BD3-9455-7D3BD98637DA}.Release|Any CPU.ActiveCfg = Release|Any CPU
		{80F8DF8E-8B15-4BD3-9455-7D3BD98637DA}.Release|Any CPU.Build.0 = Release|Any CPU
		{D94330D1-CC9D-41DB-8B7B-D1967A94B247}.Debug|Any CPU.ActiveCfg = Debug|Any CPU
		{D94330D1-CC9D-41DB-8B7B-D1967A94B247}.Debug|Any CPU.Build.0 = Debug|Any CPU
		{D94330D1-CC9D-41DB-8B7B-D1967A94B247}.Release|Any CPU.ActiveCfg = Release|Any CPU
		{D94330D1-CC9D-41DB-8B7B-D1967A94B247}.Release|Any CPU.Build.0 = Release|Any CPU
		{0F87E93E-56DD-4C49-992C-77C7EFA88930}.Debug|Any CPU.ActiveCfg = Debug|Any CPU
		{0F87E93E-56DD-4C49-992C-77C7EFA88930}.Debug|Any CPU.Build.0 = Debug|Any CPU
		{0F87E93E-56DD-4C49-992C-77C7EFA88930}.Release|Any CPU.ActiveCfg = Release|Any CPU
		{0F87E93E-56DD-4C49-992C-77C7EFA88930}.Release|Any CPU.Build.0 = Release|Any CPU
		{2A8C66B0-F507-47E7-B409-EA8121C0E973}.Debug|Any CPU.ActiveCfg = Debug|Any CPU
		{2A8C66B0-F507-47E7-B409-EA8121C0E973}.Debug|Any CPU.Build.0 = Debug|Any CPU
		{2A8C66B0-F507-47E7-B409-EA8121C0E973}.Release|Any CPU.ActiveCfg = Release|Any CPU
		{2A8C66B0-F507-47E7-B409-EA8121C0E973}.Release|Any CPU.Build.0 = Release|Any CPU
		{CAE20E2E-D20E-4671-95F6-F72952EF72CE}.Debug|Any CPU.ActiveCfg = Debug|Any CPU
		{CAE20E2E-D20E-4671-95F6-F72952EF72CE}.Debug|Any CPU.Build.0 = Debug|Any CPU
		{CAE20E2E-D20E-4671-95F6-F72952EF72CE}.Release|Any CPU.ActiveCfg = Release|Any CPU
		{CAE20E2E-D20E-4671-95F6-F72952EF72CE}.Release|Any CPU.Build.0 = Release|Any CPU
		{FE3E3B9C-835B-4800-8612-72C48DA4C031}.Debug|Any CPU.ActiveCfg = Debug|Any CPU
		{FE3E3B9C-835B-4800-8612-72C48DA4C031}.Debug|Any CPU.Build.0 = Debug|Any CPU
		{FE3E3B9C-835B-4800-8612-72C48DA4C031}.Release|Any CPU.ActiveCfg = Release|Any CPU
		{FE3E3B9C-835B-4800-8612-72C48DA4C031}.Release|Any CPU.Build.0 = Release|Any CPU
	EndGlobalSection
	GlobalSection(SolutionProperties) = preSolution
		HideSolutionNode = FALSE
	EndGlobalSection
	GlobalSection(NestedProjects) = preSolution
		{D8C3D524-E2AF-4D32-A20F-CB56A08A6CBC} = {9A570E15-B0F5-42C3-A213-90FE77200B0E}
		{C0C1BCBA-A58B-4E16-81FA-C7EC82ECD036} = {D8C3D524-E2AF-4D32-A20F-CB56A08A6CBC}
		{E6424721-F231-4767-AA7B-54152D700FAF} = {D8C3D524-E2AF-4D32-A20F-CB56A08A6CBC}
		{75CAD64B-E1EF-4EA4-9781-3949BACA3D46} = {D8C3D524-E2AF-4D32-A20F-CB56A08A6CBC}
		{3C77B103-BC03-4B8E-989F-3C9ECDAA0E47} = {D8C3D524-E2AF-4D32-A20F-CB56A08A6CBC}
		{4383C583-612E-436F-B93D-F4F824AC2B92} = {9A570E15-B0F5-42C3-A213-90FE77200B0E}
		{89F5B5C8-14B2-4607-A029-6E903AEADDE8} = {4383C583-612E-436F-B93D-F4F824AC2B92}
		{C95B1019-04D1-4526-BDBA-25B289BC714B} = {4383C583-612E-436F-B93D-F4F824AC2B92}
		{C24E3103-4C45-4432-A12D-C844B4FF464F} = {4383C583-612E-436F-B93D-F4F824AC2B92}
		{C8F9CEC3-18D8-42C0-9AFB-9A1FD8E153F0} = {4383C583-612E-436F-B93D-F4F824AC2B92}
		{63EDFED3-E511-404A-92DD-A781153EF804} = {9A570E15-B0F5-42C3-A213-90FE77200B0E}
		{E5A5B570-E5D3-4D3B-BAFD-83BE41C03C37} = {63EDFED3-E511-404A-92DD-A781153EF804}
		{59EE2D3A-BF48-45B2-834F-24A407D55257} = {63EDFED3-E511-404A-92DD-A781153EF804}
		{80F8DF8E-8B15-4BD3-9455-7D3BD98637DA} = {63EDFED3-E511-404A-92DD-A781153EF804}
		{D94330D1-CC9D-41DB-8B7B-D1967A94B247} = {63EDFED3-E511-404A-92DD-A781153EF804}
		{8CC807CA-C196-4AFA-AF1F-F963E72C27EF} = {9A570E15-B0F5-42C3-A213-90FE77200B0E}
		{0F87E93E-56DD-4C49-992C-77C7EFA88930} = {8CC807CA-C196-4AFA-AF1F-F963E72C27EF}
		{2A8C66B0-F507-47E7-B409-EA8121C0E973} = {8CC807CA-C196-4AFA-AF1F-F963E72C27EF}
		{CAE20E2E-D20E-4671-95F6-F72952EF72CE} = {8CC807CA-C196-4AFA-AF1F-F963E72C27EF}
		{FE3E3B9C-835B-4800-8612-72C48DA4C031} = {8CC807CA-C196-4AFA-AF1F-F963E72C27EF}
	EndGlobalSection
	GlobalSection(ExtensibilityGlobals) = postSolution
		SolutionGuid = {CC487037-A7B2-4221-AB5A-EA2DD9AB6F27}
	EndGlobalSection
EndGlobal
